
Microsoft Visual Studio Solution File, Format Version 12.00
# Visual Studio 14
VisualStudioVersion = 14.0.25420.1
MinimumVisualStudioVersion = 10.0.40219.1
Project("{FAE04EC0-301F-11D3-BF4B-00C04F79EFBC}") = "AppWindowsWPF", "WpfApplication1\AppWindowsWPF.csproj", "{1C277FBA-CEDA-40A2-B69B-208B3DFDFD40}"
EndProject
Project("{FAE04EC0-301F-11D3-BF4B-00C04F79EFBC}") = "Business", "Business\Business.csproj", "{2673C910-1942-4341-9491-24E0284441C4}"
EndProject
Project("{FAE04EC0-301F-11D3-BF4B-00C04F79EFBC}") = "DAO", "DAO\DAO.csproj", "{8914B6FB-D22C-442F-8F37-1345A3ECE45F}"
EndProject
Project("{FAE04EC0-301F-11D3-BF4B-00C04F79EFBC}") = "DAOSQL", "DAOSQL\DAOSQL.csproj", "{261E059E-EFE5-46E6-83D1-5768CA134D73}"
EndProject
Project("{FAE04EC0-301F-11D3-BF4B-00C04F79EFBC}") = "DAOXml", "DAOXml\DAOXml.csproj", "{45BD9FE0-A306-42A6-854F-626957D32D16}"
EndProject
Project("{FAE04EC0-301F-11D3-BF4B-00C04F79EFBC}") = "AccessData", "AccessData\AccessData.csproj", "{053DA3C9-B644-425D-BDE0-21898904BE14}"
EndProject
Project("{FAE04EC0-301F-11D3-BF4B-00C04F79EFBC}") = "Connection", "Connection\Connection.csproj", "{206615B8-968E-47DE-A534-DC109460FE35}"
EndProject
Project("{FAE04EC0-301F-11D3-BF4B-00C04F79EFBC}") = "DAOTest", "DAOTest\DAOTest.csproj", "{F8710CD9-9FB9-4791-8E01-782EFA4B1E7A}"
EndProject
Project("{FAE04EC0-301F-11D3-BF4B-00C04F79EFBC}") = "SecurityXML", "SecurityXML\SecurityXML.csproj", "{DFD7ED46-03D7-4073-A89A-DAC949AA9798}"
EndProject
Project("{FAE04EC0-301F-11D3-BF4B-00C04F79EFBC}") = "AppWindowsPhone", "App1\AppWindowsPhone.csproj", "{3A386171-0217-4F5F-89EA-A595DC1F9BDE}"
EndProject
Global
	GlobalSection(SolutionConfigurationPlatforms) = preSolution
		Debug|Any CPU = Debug|Any CPU
		Debug|ARM = Debug|ARM
		Debug|x86 = Debug|x86
		Release|Any CPU = Release|Any CPU
		Release|ARM = Release|ARM
		Release|x86 = Release|x86
	EndGlobalSection
	GlobalSection(ProjectConfigurationPlatforms) = postSolution
		{1C277FBA-CEDA-40A2-B69B-208B3DFDFD40}.Debug|Any CPU.ActiveCfg = Debug|Any CPU
		{1C277FBA-CEDA-40A2-B69B-208B3DFDFD40}.Debug|Any CPU.Build.0 = Debug|Any CPU
		{1C277FBA-CEDA-40A2-B69B-208B3DFDFD40}.Debug|ARM.ActiveCfg = Debug|Any CPU
		{1C277FBA-CEDA-40A2-B69B-208B3DFDFD40}.Debug|ARM.Build.0 = Debug|Any CPU
		{1C277FBA-CEDA-40A2-B69B-208B3DFDFD40}.Debug|x86.ActiveCfg = Debug|Any CPU
		{1C277FBA-CEDA-40A2-B69B-208B3DFDFD40}.Debug|x86.Build.0 = Debug|Any CPU
		{1C277FBA-CEDA-40A2-B69B-208B3DFDFD40}.Release|Any CPU.ActiveCfg = Release|Any CPU
		{1C277FBA-CEDA-40A2-B69B-208B3DFDFD40}.Release|Any CPU.Build.0 = Release|Any CPU
		{1C277FBA-CEDA-40A2-B69B-208B3DFDFD40}.Release|ARM.ActiveCfg = Release|Any CPU
		{1C277FBA-CEDA-40A2-B69B-208B3DFDFD40}.Release|ARM.Build.0 = Release|Any CPU
		{1C277FBA-CEDA-40A2-B69B-208B3DFDFD40}.Release|x86.ActiveCfg = Release|Any CPU
		{1C277FBA-CEDA-40A2-B69B-208B3DFDFD40}.Release|x86.Build.0 = Release|Any CPU
		{2673C910-1942-4341-9491-24E0284441C4}.Debug|Any CPU.ActiveCfg = Debug|Any CPU
		{2673C910-1942-4341-9491-24E0284441C4}.Debug|Any CPU.Build.0 = Debug|Any CPU
		{2673C910-1942-4341-9491-24E0284441C4}.Debug|ARM.ActiveCfg = Debug|Any CPU
		{2673C910-1942-4341-9491-24E0284441C4}.Debug|ARM.Build.0 = Debug|Any CPU
		{2673C910-1942-4341-9491-24E0284441C4}.Debug|x86.ActiveCfg = Debug|Any CPU
		{2673C910-1942-4341-9491-24E0284441C4}.Debug|x86.Build.0 = Debug|Any CPU
		{2673C910-1942-4341-9491-24E0284441C4}.Release|Any CPU.ActiveCfg = Release|Any CPU
		{2673C910-1942-4341-9491-24E0284441C4}.Release|Any CPU.Build.0 = Release|Any CPU
		{2673C910-1942-4341-9491-24E0284441C4}.Release|ARM.ActiveCfg = Release|Any CPU
		{2673C910-1942-4341-9491-24E0284441C4}.Release|ARM.Build.0 = Release|Any CPU
		{2673C910-1942-4341-9491-24E0284441C4}.Release|x86.ActiveCfg = Release|Any CPU
		{2673C910-1942-4341-9491-24E0284441C4}.Release|x86.Build.0 = Release|Any CPU
		{8914B6FB-D22C-442F-8F37-1345A3ECE45F}.Debug|Any CPU.ActiveCfg = Debug|Any CPU
		{8914B6FB-D22C-442F-8F37-1345A3ECE45F}.Debug|Any CPU.Build.0 = Debug|Any CPU
		{8914B6FB-D22C-442F-8F37-1345A3ECE45F}.Debug|ARM.ActiveCfg = Debug|Any CPU
		{8914B6FB-D22C-442F-8F37-1345A3ECE45F}.Debug|ARM.Build.0 = Debug|Any CPU
		{8914B6FB-D22C-442F-8F37-1345A3ECE45F}.Debug|x86.ActiveCfg = Debug|Any CPU
		{8914B6FB-D22C-442F-8F37-1345A3ECE45F}.Debug|x86.Build.0 = Debug|Any CPU
		{8914B6FB-D22C-442F-8F37-1345A3ECE45F}.Release|Any CPU.ActiveCfg = Release|Any CPU
		{8914B6FB-D22C-442F-8F37-1345A3ECE45F}.Release|Any CPU.Build.0 = Release|Any CPU
		{8914B6FB-D22C-442F-8F37-1345A3ECE45F}.Release|ARM.ActiveCfg = Release|Any CPU
		{8914B6FB-D22C-442F-8F37-1345A3ECE45F}.Release|ARM.Build.0 = Release|Any CPU
		{8914B6FB-D22C-442F-8F37-1345A3ECE45F}.Release|x86.ActiveCfg = Release|Any CPU
		{8914B6FB-D22C-442F-8F37-1345A3ECE45F}.Release|x86.Build.0 = Release|Any CPU
		{261E059E-EFE5-46E6-83D1-5768CA134D73}.Debug|Any CPU.ActiveCfg = Debug|Any CPU
		{261E059E-EFE5-46E6-83D1-5768CA134D73}.Debug|Any CPU.Build.0 = Debug|Any CPU
		{261E059E-EFE5-46E6-83D1-5768CA134D73}.Debug|ARM.ActiveCfg = Debug|Any CPU
		{261E059E-EFE5-46E6-83D1-5768CA134D73}.Debug|ARM.Build.0 = Debug|Any CPU
		{261E059E-EFE5-46E6-83D1-5768CA134D73}.Debug|x86.ActiveCfg = Debug|Any CPU
		{261E059E-EFE5-46E6-83D1-5768CA134D73}.Debug|x86.Build.0 = Debug|Any CPU
		{261E059E-EFE5-46E6-83D1-5768CA134D73}.Release|Any CPU.ActiveCfg = Release|Any CPU
		{261E059E-EFE5-46E6-83D1-5768CA134D73}.Release|Any CPU.Build.0 = Release|Any CPU
		{261E059E-EFE5-46E6-83D1-5768CA134D73}.Release|ARM.ActiveCfg = Release|Any CPU
		{261E059E-EFE5-46E6-83D1-5768CA134D73}.Release|ARM.Build.0 = Release|Any CPU
		{261E059E-EFE5-46E6-83D1-5768CA134D73}.Release|x86.ActiveCfg = Release|Any CPU
		{261E059E-EFE5-46E6-83D1-5768CA134D73}.Release|x86.Build.0 = Release|Any CPU
		{45BD9FE0-A306-42A6-854F-626957D32D16}.Debug|Any CPU.ActiveCfg = Debug|Any CPU
		{45BD9FE0-A306-42A6-854F-626957D32D16}.Debug|Any CPU.Build.0 = Debug|Any CPU
		{45BD9FE0-A306-42A6-854F-626957D32D16}.Debug|ARM.ActiveCfg = Debug|Any CPU
		{45BD9FE0-A306-42A6-854F-626957D32D16}.Debug|ARM.Build.0 = Debug|Any CPU
		{45BD9FE0-A306-42A6-854F-626957D32D16}.Debug|x86.ActiveCfg = Debug|Any CPU
		{45BD9FE0-A306-42A6-854F-626957D32D16}.Debug|x86.Build.0 = Debug|Any CPU
		{45BD9FE0-A306-42A6-854F-626957D32D16}.Release|Any CPU.ActiveCfg = Release|Any CPU
		{45BD9FE0-A306-42A6-854F-626957D32D16}.Release|Any CPU.Build.0 = Release|Any CPU
		{45BD9FE0-A306-42A6-854F-626957D32D16}.Release|ARM.ActiveCfg = Release|Any CPU
		{45BD9FE0-A306-42A6-854F-626957D32D16}.Release|ARM.Build.0 = Release|Any CPU
		{45BD9FE0-A306-42A6-854F-626957D32D16}.Release|x86.ActiveCfg = Release|Any CPU
		{45BD9FE0-A306-42A6-854F-626957D32D16}.Release|x86.Build.0 = Release|Any CPU
		{053DA3C9-B644-425D-BDE0-21898904BE14}.Debug|Any CPU.ActiveCfg = Debug|Any CPU
		{053DA3C9-B644-425D-BDE0-21898904BE14}.Debug|Any CPU.Build.0 = Debug|Any CPU
		{053DA3C9-B644-425D-BDE0-21898904BE14}.Debug|ARM.ActiveCfg = Debug|Any CPU
		{053DA3C9-B644-425D-BDE0-21898904BE14}.Debug|ARM.Build.0 = Debug|Any CPU
		{053DA3C9-B644-425D-BDE0-21898904BE14}.Debug|x86.ActiveCfg = Debug|Any CPU
		{053DA3C9-B644-425D-BDE0-21898904BE14}.Debug|x86.Build.0 = Debug|Any CPU
		{053DA3C9-B644-425D-BDE0-21898904BE14}.Release|Any CPU.ActiveCfg = Release|Any CPU
		{053DA3C9-B644-425D-BDE0-21898904BE14}.Release|Any CPU.Build.0 = Release|Any CPU
		{053DA3C9-B644-425D-BDE0-21898904BE14}.Release|ARM.ActiveCfg = Release|Any CPU
		{053DA3C9-B644-425D-BDE0-21898904BE14}.Release|ARM.Build.0 = Release|Any CPU
		{053DA3C9-B644-425D-BDE0-21898904BE14}.Release|x86.ActiveCfg = Release|Any CPU
		{053DA3C9-B644-425D-BDE0-21898904BE14}.Release|x86.Build.0 = Release|Any CPU
		{206615B8-968E-47DE-A534-DC109460FE35}.Debug|Any CPU.ActiveCfg = Debug|Any CPU
		{206615B8-968E-47DE-A534-DC109460FE35}.Debug|Any CPU.Build.0 = Debug|Any CPU
		{206615B8-968E-47DE-A534-DC109460FE35}.Debug|ARM.ActiveCfg = Debug|Any CPU
		{206615B8-968E-47DE-A534-DC109460FE35}.Debug|ARM.Build.0 = Debug|Any CPU
		{206615B8-968E-47DE-A534-DC109460FE35}.Debug|x86.ActiveCfg = Debug|Any CPU
		{206615B8-968E-47DE-A534-DC109460FE35}.Debug|x86.Build.0 = Debug|Any CPU
		{206615B8-968E-47DE-A534-DC109460FE35}.Release|Any CPU.ActiveCfg = Release|Any CPU
		{206615B8-968E-47DE-A534-DC109460FE35}.Release|Any CPU.Build.0 = Release|Any CPU
		{206615B8-968E-47DE-A534-DC109460FE35}.Release|ARM.ActiveCfg = Release|Any CPU
		{206615B8-968E-47DE-A534-DC109460FE35}.Release|ARM.Build.0 = Release|Any CPU
		{206615B8-968E-47DE-A534-DC109460FE35}.Release|x86.ActiveCfg = Release|Any CPU
		{206615B8-968E-47DE-A534-DC109460FE35}.Release|x86.Build.0 = Release|Any CPU
		{F8710CD9-9FB9-4791-8E01-782EFA4B1E7A}.Debug|Any CPU.ActiveCfg = Debug|Any CPU
		{F8710CD9-9FB9-4791-8E01-782EFA4B1E7A}.Debug|Any CPU.Build.0 = Debug|Any CPU
		{F8710CD9-9FB9-4791-8E01-782EFA4B1E7A}.Debug|ARM.ActiveCfg = Debug|Any CPU
		{F8710CD9-9FB9-4791-8E01-782EFA4B1E7A}.Debug|ARM.Build.0 = Debug|Any CPU
		{F8710CD9-9FB9-4791-8E01-782EFA4B1E7A}.Debug|x86.ActiveCfg = Debug|Any CPU
		{F8710CD9-9FB9-4791-8E01-782EFA4B1E7A}.Debug|x86.Build.0 = Debug|Any CPU
		{F8710CD9-9FB9-4791-8E01-782EFA4B1E7A}.Release|Any CPU.ActiveCfg = Release|Any CPU
		{F8710CD9-9FB9-4791-8E01-782EFA4B1E7A}.Release|Any CPU.Build.0 = Release|Any CPU
		{F8710CD9-9FB9-4791-8E01-782EFA4B1E7A}.Release|ARM.ActiveCfg = Release|Any CPU
		{F8710CD9-9FB9-4791-8E01-782EFA4B1E7A}.Release|ARM.Build.0 = Release|Any CPU
		{F8710CD9-9FB9-4791-8E01-782EFA4B1E7A}.Release|x86.ActiveCfg = Release|Any CPU
		{F8710CD9-9FB9-4791-8E01-782EFA4B1E7A}.Release|x86.Build.0 = Release|Any CPU
		{DFD7ED46-03D7-4073-A89A-DAC949AA9798}.Debug|Any CPU.ActiveCfg = Debug|Any CPU
		{DFD7ED46-03D7-4073-A89A-DAC949AA9798}.Debug|Any CPU.Build.0 = Debug|Any CPU
		{DFD7ED46-03D7-4073-A89A-DAC949AA9798}.Debug|ARM.ActiveCfg = Debug|Any CPU
		{DFD7ED46-03D7-4073-A89A-DAC949AA9798}.Debug|ARM.Build.0 = Debug|Any CPU
		{DFD7ED46-03D7-4073-A89A-DAC949AA9798}.Debug|x86.ActiveCfg = Debug|Any CPU
		{DFD7ED46-03D7-4073-A89A-DAC949AA9798}.Debug|x86.Build.0 = Debug|Any CPU
		{DFD7ED46-03D7-4073-A89A-DAC949AA9798}.Release|Any CPU.ActiveCfg = Release|Any CPU
		{DFD7ED46-03D7-4073-A89A-DAC949AA9798}.Release|Any CPU.Build.0 = Release|Any CPU
		{DFD7ED46-03D7-4073-A89A-DAC949AA9798}.Release|ARM.ActiveCfg = Release|Any CPU
		{DFD7ED46-03D7-4073-A89A-DAC949AA9798}.Release|ARM.Build.0 = Release|Any CPU
		{DFD7ED46-03D7-4073-A89A-DAC949AA9798}.Release|x86.ActiveCfg = Release|Any CPU
		{DFD7ED46-03D7-4073-A89A-DAC949AA9798}.Release|x86.Build.0 = Release|Any CPU
		{3A386171-0217-4F5F-89EA-A595DC1F9BDE}.Debug|Any CPU.ActiveCfg = Debug|Any CPU
		{3A386171-0217-4F5F-89EA-A595DC1F9BDE}.Debug|Any CPU.Build.0 = Debug|Any CPU
		{3A386171-0217-4F5F-89EA-A595DC1F9BDE}.Debug|Any CPU.Deploy.0 = Debug|Any CPU
		{3A386171-0217-4F5F-89EA-A595DC1F9BDE}.Debug|ARM.ActiveCfg = Debug|ARM
		{3A386171-0217-4F5F-89EA-A595DC1F9BDE}.Debug|ARM.Build.0 = Debug|ARM
		{3A386171-0217-4F5F-89EA-A595DC1F9BDE}.Debug|ARM.Deploy.0 = Debug|ARM
		{3A386171-0217-4F5F-89EA-A595DC1F9BDE}.Debug|x86.ActiveCfg = Debug|x86
		{3A386171-0217-4F5F-89EA-A595DC1F9BDE}.Debug|x86.Build.0 = Debug|x86
		{3A386171-0217-4F5F-89EA-A595DC1F9BDE}.Debug|x86.Deploy.0 = Debug|x86
		{3A386171-0217-4F5F-89EA-A595DC1F9BDE}.Release|Any CPU.ActiveCfg = Release|Any CPU
		{3A386171-0217-4F5F-89EA-A595DC1F9BDE}.Release|Any CPU.Build.0 = Release|Any CPU
		{3A386171-0217-4F5F-89EA-A595DC1F9BDE}.Release|Any CPU.Deploy.0 = Release|Any CPU
		{3A386171-0217-4F5F-89EA-A595DC1F9BDE}.Release|ARM.ActiveCfg = Release|ARM
		{3A386171-0217-4F5F-89EA-A595DC1F9BDE}.Release|ARM.Build.0 = Release|ARM
		{3A386171-0217-4F5F-89EA-A595DC1F9BDE}.Release|ARM.Deploy.0 = Release|ARM
		{3A386171-0217-4F5F-89EA-A595DC1F9BDE}.Release|x86.ActiveCfg = Release|x86
		{3A386171-0217-4F5F-89EA-A595DC1F9BDE}.Release|x86.Build.0 = Release|x86
		{3A386171-0217-4F5F-89EA-A595DC1F9BDE}.Release|x86.Deploy.0 = Release|x86
	EndGlobalSection
	GlobalSection(SolutionProperties) = preSolution
		HideSolutionNode = FALSE
	EndGlobalSection
EndGlobal
